
Microsoft Visual Studio Solution File, Format Version 12.00
# Visual Studio Version 17
VisualStudioVersion = 17.3.32929.385
MinimumVisualStudioVersion = 10.0.40219.1
Project("{FAE04EC0-301F-11D3-BF4B-00C04F79EFBC}") = "DRAPT.API", "DRAPT.API\DRAPT.API.csproj", "{291DA049-FA92-4715-AA7D-37170A9570AD}"
EndProject
Global
	GlobalSection(SolutionConfigurationPlatforms) = preSolution
		Debug|Any CPU = Debug|Any CPU
		Release|Any CPU = Release|Any CPU
	EndGlobalSection
	GlobalSection(ProjectConfigurationPlatforms) = postSolution
		{291DA049-FA92-4715-AA7D-37170A9570AD}.Debug|Any CPU.ActiveCfg = Debug|Any CPU
		{291DA049-FA92-4715-AA7D-37170A9570AD}.Debug|Any CPU.Build.0 = Debug|Any CPU
		{291DA049-FA92-4715-AA7D-37170A9570AD}.Release|Any CPU.ActiveCfg = Release|Any CPU
		{291DA049-FA92-4715-AA7D-37170A9570AD}.Release|Any CPU.Build.0 = Release|Any CPU
	EndGlobalSection
	GlobalSection(SolutionProperties) = preSolution
		HideSolutionNode = FALSE
	EndGlobalSection
	GlobalSection(ExtensibilityGlobals) = postSolution
		SolutionGuid = {DFAF6792-A284-4F98-8B46-A4741330F9AF}
	EndGlobalSection
EndGlobal
